// !$*UTF8*$!
{
	archiveVersion = 1;
	classes = {
	};
	objectVersion = 50;
	objects = {

/* Begin PBXBuildFile section */
		D1557DA120C6D46000FF4794 /* AppDelegate.swift in Sources */ = {isa = PBXBuildFile; fileRef = D1557DA020C6D46000FF4794 /* AppDelegate.swift */; };
		D1557DA320C6D46000FF4794 /* ViewController.swift in Sources */ = {isa = PBXBuildFile; fileRef = D1557DA220C6D46000FF4794 /* ViewController.swift */; };
		D1557DA920C6D46000FF4794 /* BrightHorizonsClientEngagement.xcdatamodeld in Sources */ = {isa = PBXBuildFile; fileRef = D1557DA720C6D46000FF4794 /* BrightHorizonsClientEngagement.xcdatamodeld */; };
		D1557DAB20C6D46000FF4794 /* Assets.xcassets in Resources */ = {isa = PBXBuildFile; fileRef = D1557DAA20C6D46000FF4794 /* Assets.xcassets */; };
		D1557DAE20C6D46000FF4794 /* LaunchScreen.storyboard in Resources */ = {isa = PBXBuildFile; fileRef = D1557DAC20C6D46000FF4794 /* LaunchScreen.storyboard */; };
		D1557DB620C6D4B500FF4794 /* Main.storyboard in Resources */ = {isa = PBXBuildFile; fileRef = D1557DB520C6D4B500FF4794 /* Main.storyboard */; };
/* End PBXBuildFile section */

/* Begin PBXFileReference section */
		D1557D9D20C6D46000FF4794 /* BrightHorizonsClientEngagement.app */ = {isa = PBXFileReference; explicitFileType = wrapper.application; includeInIndex = 0; path = BrightHorizonsClientEngagement.app; sourceTree = BUILT_PRODUCTS_DIR; };
		D1557DA020C6D46000FF4794 /* AppDelegate.swift */ = {isa = PBXFileReference; lastKnownFileType = sourcecode.swift; path = AppDelegate.swift; sourceTree = "<group>"; };
		D1557DA220C6D46000FF4794 /* ViewController.swift */ = {isa = PBXFileReference; lastKnownFileType = sourcecode.swift; path = ViewController.swift; sourceTree = "<group>"; };
		D1557DA820C6D46000FF4794 /* BrightHorizonsClientEngagement.xcdatamodel */ = {isa = PBXFileReference; lastKnownFileType = wrapper.xcdatamodel; path = BrightHorizonsClientEngagement.xcdatamodel; sourceTree = "<group>"; };
		D1557DAA20C6D46000FF4794 /* Assets.xcassets */ = {isa = PBXFileReference; lastKnownFileType = folder.assetcatalog; path = Assets.xcassets; sourceTree = "<group>"; };
		D1557DAD20C6D46000FF4794 /* Base */ = {isa = PBXFileReference; lastKnownFileType = file.storyboard; name = Base; path = Base.lproj/LaunchScreen.storyboard; sourceTree = "<group>"; };
		D1557DAF20C6D46000FF4794 /* Info.plist */ = {isa = PBXFileReference; lastKnownFileType = text.plist.xml; path = Info.plist; sourceTree = "<group>"; };
		D1557DB520C6D4B500FF4794 /* Main.storyboard */ = {isa = PBXFileReference; fileEncoding = 4; lastKnownFileType = file.storyboard; path = Main.storyboard; sourceTree = "<group>"; };
/* End PBXFileReference section */

/* Begin PBXFrameworksBuildPhase section */
		D1557D9A20C6D46000FF4794 /* Frameworks */ = {
			isa = PBXFrameworksBuildPhase;
			buildActionMask = 2147483647;
			files = (
			);
			runOnlyForDeploymentPostprocessing = 0;
		};
/* End PBXFrameworksBuildPhase section */

/* Begin PBXGroup section */
		D1557D9420C6D46000FF4794 = {
			isa = PBXGroup;
			children = (
				D1557D9F20C6D46000FF4794 /* BrightHorizonsClientEngagement */,
				D1557D9E20C6D46000FF4794 /* Products */,
			);
			sourceTree = "<group>";
		};
		D1557D9E20C6D46000FF4794 /* Products */ = {
			isa = PBXGroup;
			children = (
				D1557D9D20C6D46000FF4794 /* BrightHorizonsClientEngagement.app */,
			);
			name = Products;
			sourceTree = "<group>";
		};
		D1557D9F20C6D46000FF4794 /* BrightHorizonsClientEngagement */ = {
			isa = PBXGroup;
			children = (
				D1557DA020C6D46000FF4794 /* AppDelegate.swift */,
				D1557DB520C6D4B500FF4794 /* Main.storyboard */,
				D1557DA220C6D46000FF4794 /* ViewController.swift */,
				D1557DAA20C6D46000FF4794 /* Assets.xcassets */,
				D1557DAC20C6D46000FF4794 /* LaunchScreen.storyboard */,
				D1557DAF20C6D46000FF4794 /* Info.plist */,
				D1557DA720C6D46000FF4794 /* BrightHorizonsClientEngagement.xcdatamodeld */,
			);
			path = BrightHorizonsClientEngagement;
			sourceTree = "<group>";
		};
/* End PBXGroup section */

/* Begin PBXNativeTarget section */
		D1557D9C20C6D46000FF4794 /* BrightHorizonsClientEngagement */ = {
			isa = PBXNativeTarget;
			buildConfigurationList = D1557DB220C6D46000FF4794 /* Build configuration list for PBXNativeTarget "BrightHorizonsClientEngagement" */;
			buildPhases = (
				D1557D9920C6D46000FF4794 /* Sources */,
				D1557D9A20C6D46000FF4794 /* Frameworks */,
				D1557D9B20C6D46000FF4794 /* Resources */,
			);
			buildRules = (
			);
			dependencies = (
			);
			name = BrightHorizonsClientEngagement;
			productName = BrightHorizonsClientEngagement;
			productReference = D1557D9D20C6D46000FF4794 /* BrightHorizonsClientEngagement.app */;
			productType = "com.apple.product-type.application";
		};
/* End PBXNativeTarget section */

/* Begin PBXProject section */
		D1557D9520C6D46000FF4794 /* Project object */ = {
			isa = PBXProject;
			attributes = {
				LastSwiftUpdateCheck = 0930;
				LastUpgradeCheck = 0930;
				ORGANIZATIONNAME = "Beau Paiva";
				TargetAttributes = {
					D1557D9C20C6D46000FF4794 = {
						CreatedOnToolsVersion = 9.3;
					};
				};
			};
			buildConfigurationList = D1557D9820C6D46000FF4794 /* Build configuration list for PBXProject "BrightHorizonsClientEngagement" */;
			compatibilityVersion = "Xcode 9.3";
			developmentRegion = en;
			hasScannedForEncodings = 0;
			knownRegions = (
				en,
				Base,
			);
			mainGroup = D1557D9420C6D46000FF4794;
			productRefGroup = D1557D9E20C6D46000FF4794 /* Products */;
			projectDirPath = "";
			projectRoot = "";
			targets = (
				D1557D9C20C6D46000FF4794 /* BrightHorizonsClientEngagement */,
			);
		};
/* End PBXProject section */

/* Begin PBXResourcesBuildPhase section */
		D1557D9B20C6D46000FF4794 /* Resources */ = {
			isa = PBXResourcesBuildPhase;
			buildActionMask = 2147483647;
			files = (
				D1557DB620C6D4B500FF4794 /* Main.storyboard in Resources */,
				D1557DAE20C6D46000FF4794 /* LaunchScreen.storyboard in Resources */,
				D1557DAB20C6D46000FF4794 /* Assets.xcassets in Resources */,
			);
			runOnlyForDeploymentPostprocessing = 0;
		};
/* End PBXResourcesBuildPhase section */

/* Begin PBXSourcesBuildPhase section */
		D1557D9920C6D46000FF4794 /* Sources */ = {
			isa = PBXSourcesBuildPhase;
			buildActionMask = 2147483647;
			files = (
				D1557DA320C6D46000FF4794 /* ViewController.swift in Sources */,
				D1557DA120C6D46000FF4794 /* AppDelegate.swift in Sources */,
				D1557DA920C6D46000FF4794 /* BrightHorizonsClientEngagement.xcdatamodeld in Sources */,
			);
			runOnlyForDeploymentPostprocessing = 0;
		};
/* End PBXSourcesBuildPhase section */

/* Begin PBXVariantGroup section */
		D1557DAC20C6D46000FF4794 /* LaunchScreen.storyboard */ = {
			isa = PBXVariantGroup;
			children = (
				D1557DAD20C6D46000FF4794 /* Base */,
			);
			name = LaunchScreen.storyboard;
			sourceTree = "<group>";
		};
/* End PBXVariantGroup section */

/* Begin XCBuildConfiguration section */
		D1557DB020C6D46000FF4794 /* Debug */ = {
			isa = XCBuildConfiguration;
			buildSettings = {
				ALWAYS_SEARCH_USER_PATHS = NO;
				CLANG_ANALYZER_NONNULL = YES;
				CLANG_ANALYZER_NUMBER_OBJECT_CONVERSION = YES_AGGRESSIVE;
				CLANG_CXX_LANGUAGE_STANDARD = "gnu++14";
				CLANG_CXX_LIBRARY = "libc++";
				CLANG_ENABLE_MODULES = YES;
				CLANG_ENABLE_OBJC_ARC = YES;
				CLANG_ENABLE_OBJC_WEAK = YES;
				CLANG_WARN_BLOCK_CAPTURE_AUTORELEASING = YES;
				CLANG_WARN_BOOL_CONVERSION = YES;
				CLANG_WARN_COMMA = YES;
				CLANG_WARN_CONSTANT_CONVERSION = YES;
				CLANG_WARN_DEPRECATED_OBJC_IMPLEMENTATIONS = YES;
				CLANG_WARN_DIRECT_OBJC_ISA_USAGE = YES_ERROR;
				CLANG_WARN_DOCUMENTATION_COMMENTS = YES;
				CLANG_WARN_EMPTY_BODY = YES;
				CLANG_WARN_ENUM_CONVERSION = YES;
				CLANG_WARN_INFINITE_RECURSION = YES;
				CLANG_WARN_INT_CONVERSION = YES;
				CLANG_WARN_NON_LITERAL_NULL_CONVERSION = YES;
				CLANG_WARN_OBJC_IMPLICIT_RETAIN_SELF = YES;
				CLANG_WARN_OBJC_LITERAL_CONVERSION = YES;
				CLANG_WARN_OBJC_ROOT_CLASS = YES_ERROR;
				CLANG_WARN_RANGE_LOOP_ANALYSIS = YES;
				CLANG_WARN_STRICT_PROTOTYPES = YES;
				CLANG_WARN_SUSPICIOUS_MOVE = YES;
				CLANG_WARN_UNGUARDED_AVAILABILITY = YES_AGGRESSIVE;
				CLANG_WARN_UNREACHABLE_CODE = YES;
				CLANG_WARN__DUPLICATE_METHOD_MATCH = YES;
				CODE_SIGN_IDENTITY = "iPhone Developer";
				COPY_PHASE_STRIP = NO;
				DEBUG_INFORMATION_FORMAT = dwarf;
				ENABLE_STRICT_OBJC_MSGSEND = YES;
				ENABLE_TESTABILITY = YES;
				GCC_C_LANGUAGE_STANDARD = gnu11;
				GCC_DYNAMIC_NO_PIC = NO;
				GCC_NO_COMMON_BLOCKS = YES;
				GCC_OPTIMIZATION_LEVEL = 0;
				GCC_PREPROCESSOR_DEFINITIONS = (
					"DEBUG=1",
					"$(inherited)",
				);
				GCC_WARN_64_TO_32_BIT_CONVERSION = YES;
				GCC_WARN_ABOUT_RETURN_TYPE = YES_ERROR;
				GCC_WARN_UNDECLARED_SELECTOR = YES;
				GCC_WARN_UNINITIALIZED_AUTOS = YES_AGGRESSIVE;
				GCC_WARN_UNUSED_FUNCTION = YES;
				GCC_WARN_UNUSED_VARIABLE = YES;
				IPHONEOS_DEPLOYMENT_TARGET = 11.3;
				MTL_ENABLE_DEBUG_INFO = YES;
				ONLY_ACTIVE_ARCH = YES;
				SDKROOT = iphoneos;
				SWIFT_ACTIVE_COMPILATION_CONDITIONS = DEBUG;
				SWIFT_OPTIMIZATION_LEVEL = "-Onone";
			};
			name = Debug;
		};
		D1557DB120C6D46000FF4794 /* Release */ = {
			isa = XCBuildConfiguration;
			buildSettings = {
				ALWAYS_SEARCH_USER_PATHS = NO;
				CLANG_ANALYZER_NONNULL = YES;
				CLANG_ANALYZER_NUMBER_OBJECT_CONVERSION = YES_AGGRESSIVE;
				CLANG_CXX_LANGUAGE_STANDARD = "gnu++14";
				CLANG_CXX_LIBRARY = "libc++";
				CLANG_ENABLE_MODULES = YES;
				CLANG_ENABLE_OBJC_ARC = YES;
				CLANG_ENABLE_OBJC_WEAK = YES;
				CLANG_WARN_BLOCK_CAPTURE_AUTORELEASING = YES;
				CLANG_WARN_BOOL_CONVERSION = YES;
				CLANG_WARN_COMMA = YES;
				CLANG_WARN_CONSTANT_CONVERSION = YES;
				CLANG_WARN_DEPRECATED_OBJC_IMPLEMENTATIONS = YES;
				CLANG_WARN_DIRECT_OBJC_ISA_USAGE = YES_ERROR;
				CLANG_WARN_DOCUMENTATION_COMMENTS = YES;
				CLANG_WARN_EMPTY_BODY = YES;
				CLANG_WARN_ENUM_CONVERSION = YES;
				CLANG_WARN_INFINITE_RECURSION = YES;
				CLANG_WARN_INT_CONVERSION = YES;
				CLANG_WARN_NON_LITERAL_NULL_CONVERSION = YES;
				CLANG_WARN_OBJC_IMPLICIT_RETAIN_SELF = YES;
				CLANG_WARN_OBJC_LITERAL_CONVERSION = YES;
				CLANG_WARN_OBJC_ROOT_CLASS = YES_ERROR;
				CLANG_WARN_RANGE_LOOP_ANALYSIS = YES;
				CLANG_WARN_STRICT_PROTOTYPES = YES;
				CLANG_WARN_SUSPICIOUS_MOVE = YES;
				CLANG_WARN_UNGUARDED_AVAILABILITY = YES_AGGRESSIVE;
				CLANG_WARN_UNREACHABLE_CODE = YES;
				CLANG_WARN__DUPLICATE_METHOD_MATCH = YES;
				CODE_SIGN_IDENTITY = "iPhone Developer";
				COPY_PHASE_STRIP = NO;
				DEBUG_INFORMATION_FORMAT = "dwarf-with-dsym";
				ENABLE_NS_ASSERTIONS = NO;
				ENABLE_STRICT_OBJC_MSGSEND = YES;
				GCC_C_LANGUAGE_STANDARD = gnu11;
				GCC_NO_COMMON_BLOCKS = YES;
				GCC_WARN_64_TO_32_BIT_CONVERSION = YES;
				GCC_WARN_ABOUT_RETURN_TYPE = YES_ERROR;
				GCC_WARN_UNDECLARED_SELECTOR = YES;
				GCC_WARN_UNINITIALIZED_AUTOS = YES_AGGRESSIVE;
				GCC_WARN_UNUSED_FUNCTION = YES;
				GCC_WARN_UNUSED_VARIABLE = YES;
				IPHONEOS_DEPLOYMENT_TARGET = 11.3;
				MTL_ENABLE_DEBUG_INFO = NO;
				SDKROOT = iphoneos;
				SWIFT_COMPILATION_MODE = wholemodule;
				SWIFT_OPTIMIZATION_LEVEL = "-O";
				VALIDATE_PRODUCT = YES;
			};
			name = Release;
		};
		D1557DB320C6D46000FF4794 /* Debug */ = {
			isa = XCBuildConfiguration;
			buildSettings = {
				ASSETCATALOG_COMPILER_APPICON_NAME = AppIcon;
				CODE_SIGN_STYLE = Automatic;
				DEVELOPMENT_TEAM = Q2H67XVJ24;
				INFOPLIST_FILE = BrightHorizonsClientEngagement/Info.plist;
				LD_RUNPATH_SEARCH_PATHS = (
					"$(inherited)",
					"@executable_path/Frameworks",
				);
				PRODUCT_BUNDLE_IDENTIFIER = bcpaiva.BrightHorizonsClientEngagement;
				PRODUCT_NAME = "$(TARGET_NAME)";
				SWIFT_VERSION = 4.0;
				TARGETED_DEVICE_FAMILY = 2;
			};
			name = Debug;
		};
		D1557DB420C6D46000FF4794 /* Release */ = {
			isa = XCBuildConfiguration;
			buildSettings = {
				ASSETCATALOG_COMPILER_APPICON_NAME = AppIcon;
				CODE_SIGN_STYLE = Automatic;
				DEVELOPMENT_TEAM = Q2H67XVJ24;
				INFOPLIST_FILE = BrightHorizonsClientEngagement/Info.plist;
				LD_RUNPATH_SEARCH_PATHS = (
					"$(inherited)",
					"@executable_path/Frameworks",
				);
				PRODUCT_BUNDLE_IDENTIFIER = bcpaiva.BrightHorizonsClientEngagement;
				PRODUCT_NAME = "$(TARGET_NAME)";
				SWIFT_VERSION = 4.0;
				TARGETED_DEVICE_FAMILY = 2;
			};
			name = Release;
		};
/* End XCBuildConfiguration section */

/* Begin XCConfigurationList section */
		D1557D9820C6D46000FF4794 /* Build configuration list for PBXProject "BrightHorizonsClientEngagement" */ = {
			isa = XCConfigurationList;
			buildConfigurations = (
				D1557DB020C6D46000FF4794 /* Debug */,
				D1557DB120C6D46000FF4794 /* Release */,
			);
			defaultConfigurationIsVisible = 0;
			defaultConfigurationName = Release;
		};
		D1557DB220C6D46000FF4794 /* Build configuration list for PBXNativeTarget "BrightHorizonsClientEngagement" */ = {
			isa = XCConfigurationList;
			buildConfigurations = (
				D1557DB320C6D46000FF4794 /* Debug */,
				D1557DB420C6D46000FF4794 /* Release */,
			);
			defaultConfigurationIsVisible = 0;
			defaultConfigurationName = Release;
		};
/* End XCConfigurationList section */

/* Begin XCVersionGroup section */
		D1557DA720C6D46000FF4794 /* BrightHorizonsClientEngagement.xcdatamodeld */ = {
			isa = XCVersionGroup;
			children = (
				D1557DA820C6D46000FF4794 /* BrightHorizonsClientEngagement.xcdatamodel */,
			);
			currentVersion = D1557DA820C6D46000FF4794 /* BrightHorizonsClientEngagement.xcdatamodel */;
			path = BrightHorizonsClientEngagement.xcdatamodeld;
			sourceTree = "<group>";
			versionGroupType = wrapper.xcdatamodel;
		};
/* End XCVersionGroup section */
	};
	rootObject = D1557D9520C6D46000FF4794 /* Project object */;
}
